{"1.2.0",
[{<<"amqp_client">>,{pkg,<<"amqp_client">>,<<"3.9.11">>},0},
 {<<"backoff">>,{pkg,<<"backoff">>,<<"1.1.3">>},1},
 {<<"base16">>,{pkg,<<"base16">>,<<"2.0.1">>},0},
 {<<"bbmustache">>,{pkg,<<"bbmustache">>,<<"1.12.2">>},0},
 {<<"bear">>,{pkg,<<"bear">>,<<"1.0.0">>},1},
 {<<"cache_tab">>,{pkg,<<"cache_tab">>,<<"1.0.29">>},0},
 {<<"certifi">>,{pkg,<<"certifi">>,<<"2.3.1">>},2},
 {<<"cowboy">>,{pkg,<<"cowboy">>,<<"2.9.0">>},0},
 {<<"cowboy_swagger">>,{pkg,<<"cowboy_swagger">>,<<"2.5.0">>},0},
 {<<"cowlib">>,{pkg,<<"cowlib">>,<<"2.11.0">>},1},
 {<<"cpool">>,{pkg,<<"cpool">>,<<"0.1.0">>},0},
 {<<"cqerl">>,
  {git,"https://github.com/esl/cqerl.git",
       {ref,"c6af697db4b1787e70a96301faa44464ea7459a7"}},
  0},
 {<<"credentials_obfuscation">>,
  {pkg,<<"credentials_obfuscation">>,<<"2.4.0">>},
  2},
 {<<"eini">>,{pkg,<<"eini">>,<<"1.2.9">>},1},
 {<<"eodbc">>,{pkg,<<"eodbc">>,<<"0.1.0">>},0},
 {<<"eper">>,
  {git,"http://github.com/basho/eper.git",
       {ref,"fc165bf4072ecb9ce5648aab86db2baad12122f5"}},
  2},
 {<<"epgsql">>,{pkg,<<"epgsql">>,<<"4.6.0">>},0},
 {<<"eredis">>,{pkg,<<"eredis">>,<<"1.2.0">>},0},
 {<<"erl_csv">>,{pkg,<<"erl_csv">>,<<"0.2.0">>},0},
 {<<"erlcloud">>,{pkg,<<"erlcloud">>,<<"3.5.11">>},0},
 {<<"exml">>,{pkg,<<"hexml">>,<<"3.2.1">>},0},
 {<<"exometer_core">>,
  {git,"https://github.com/esl/exometer_core.git",
       {ref,"123daa053a4abb3ff4bdbf52f08344da535294e9"}},
  0},
 {<<"exometer_report_graphite">>,
  {git,"https://github.com/esl/exometer_report_graphite.git",
       {ref,"55573e6b70802b73965f9022ef3c83b7dd32da38"}},
  0},
 {<<"exometer_report_statsd">>,
  {git,"https://github.com/esl/exometer_report_statsd.git",
       {ref,"f1c369becb6e57871f1c7b0e491f6c3a302a65ee"}},
  0},
 {<<"fast_pbkdf2">>,{pkg,<<"fast_pbkdf2">>,<<"1.0.3">>},1},
 {<<"fast_scram">>,{pkg,<<"fast_scram">>,<<"0.4.4">>},0},
 {<<"fast_tls">>,{pkg,<<"fast_tls">>,<<"1.1.13">>},0},
 {<<"flatlog">>,{pkg,<<"flatlog">>,<<"0.1.2">>},0},
 {<<"fusco">>,{pkg,<<"fusco">>,<<"0.1.1">>},0},
 {<<"gen_fsm_compat">>,{pkg,<<"gen_fsm_compat">>,<<"0.3.0">>},0},
 {<<"goldrush">>,{pkg,<<"goldrush">>,<<"0.1.9">>},1},
 {<<"graphql">>,
  {git,"https://github.com/esl/graphql-erlang.git",
       {ref,"72bf290d50b4b5e2f462e06ccfdc5645a6d6401a"}},
  0},
 {<<"gun">>,{pkg,<<"gun">>,<<"1.3.3">>},0},
 {<<"hackney">>,{pkg,<<"hackney">>,<<"1.13.0">>},1},
 {<<"hamcrest">>,
  {git,"https://github.com/basho/hamcrest-erlang.git",
       {ref,"ad3dbab419762fc2d5821abb88b989da006b85c6"}},
  2},
 {<<"idna">>,{pkg,<<"idna">>,<<"6.1.1">>},0},
 {<<"jid">>,{pkg,<<"mongoose_jid">>,<<"2.0.0">>},0},
 {<<"jiffy">>,{pkg,<<"jiffy">>,<<"1.1.1">>},0},
 {<<"jsx">>,{pkg,<<"jsx">>,<<"2.9.0">>},1},
 {<<"jwerl">>,
  {git,"https://gitlab.com/vkatsuba/jwerl.git",
       {ref,"d03607fd14a6a7556f01014af84903a3df60ff5d"}},
  0},
 {<<"lager">>,{pkg,<<"lager">>,<<"3.9.2">>},0},
 {<<"lasse">>,{pkg,<<"lasse">>,<<"1.2.0">>},0},
 {<<"lhttpc">>,{pkg,<<"lhttpc">>,<<"1.6.2">>},1},
 {<<"luerl">>,
  {git,"https://github.com/rvirding/luerl.git",
       {ref,"bc655178dc8f59f29199fd7df77a7c314c0f2e02"}},
  2},
 {<<"lz4">>,
  {git,"https://github.com/szktty/erlang-lz4.git",
       {ref,"e7ccf4fc9a806982055f26772522c3543c89d1b5"}},
  1},
 {<<"meck">>,{pkg,<<"meck">>,<<"0.8.13">>},0},
 {<<"metrics">>,{pkg,<<"metrics">>,<<"1.0.1">>},2},
 {<<"mimerl">>,{pkg,<<"mimerl">>,<<"1.0.2">>},2},
 {<<"mysql">>,{pkg,<<"mysql">>,<<"1.8.0">>},0},
 {<<"nklib">>,
  {git,"https://github.com/michalwski/nklib.git",
       {ref,"006c1b7f6b848dfa8fc2efa41eeed4fd5f2b3b34"}},
  1},
 {<<"nkpacket">>,
  {git,"https://github.com/michalwski/nkpacket.git",
       {ref,"f7c5349af285ec0e5c43e90b9ef7668a2d2411c8"}},
  0},
 {<<"nkservice">>,
  {git,"https://github.com/Nekso/nkservice",
       {ref,"affbd5b9c914e2c8775dd45733a0b5c15d784e34"}},
  1},
 {<<"nksip">>,
  {git,"https://github.com/NetComposer/nksip.git",
       {ref,"1a29ef3e112ee0a8d8ac53bd6963ccc8f7879343"}},
  0},
 {<<"observer_cli">>,{pkg,<<"observer_cli">>,<<"1.7.1">>},0},
 {<<"p1_utils">>,{pkg,<<"p1_utils">>,<<"1.0.23">>},1},
 {<<"pa">>,
  {git,"https://github.com/erszcz/pa.git",
       {ref,"84b73c33bc9c95b64ef99cead65278f3a91bc635"}},
  0},
 {<<"parse_trans">>,{pkg,<<"parse_trans">>,<<"3.4.0">>},1},
 {<<"pooler">>,{pkg,<<"pooler">>,<<"1.5.3">>},1},
 {<<"proper">>,{pkg,<<"proper">>,<<"1.4.0">>},0},
 {<<"quickrand">>,{pkg,<<"quickrand">>,<<"2.0.4">>},1},
 {<<"rabbit_common">>,{pkg,<<"rabbit_common">>,<<"3.9.11">>},1},
 {<<"ranch">>,{pkg,<<"ranch">>,<<"1.8.0">>},1},
 {<<"re2">>,{pkg,<<"re2">>,<<"1.9.7">>},1},
 {<<"recon">>,{pkg,<<"recon">>,<<"2.5.2">>},0},
 {<<"redbug">>,{pkg,<<"redbug">>,<<"1.2.1">>},1},
 {<<"riak_pb">>,
  {git,"https://github.com/basho/riak_pb",
       {ref,"08771aba2ce4935b715d32d1b92555efdc3da994"}},
  1},
 {<<"riakc">>,
  {git,"https://github.com/basho/riak-erlang-client.git",
       {ref,"f3a0592cf2200fd37b46b5188cabd4cf7058d776"}},
  0},
 {<<"segmented_cache">>,{pkg,<<"segmented_cache">>,<<"0.2.0">>},0},
 {<<"semver">>,
  {git,"https://github.com/nebularis/semver.git",
       {ref,"c7d509f38298ec6594be4efdcd8a8f2322760039"}},
  1},
 {<<"snappy">>,
  {git,"https://github.com/skunkwerks/snappy-erlang-nif.git",
       {ref,"e8907ee8e37cfa07d933a070669a88798082c3d7"}},
  1},
 {<<"ssl_verify_fun">>,{pkg,<<"ssl_verify_fun">>,<<"1.1.1">>},2},
 {<<"stringprep">>,{pkg,<<"stringprep">>,<<"1.0.27">>},1},
 {<<"syslogger">>,{pkg,<<"syslogger">>,<<"0.3.0">>},0},
 {<<"telemetry">>,{pkg,<<"telemetry">>,<<"1.0.0">>},0},
 {<<"tirerl">>,{pkg,<<"tirerl">>,<<"1.1.0">>},0},
 {<<"tomerl">>,{pkg,<<"tomerl">>,<<"0.5.0">>},0},
 {<<"trails">>,{pkg,<<"trails">>,<<"2.3.0">>},0},
 {<<"unicode_util_compat">>,{pkg,<<"unicode_util_compat">>,<<"0.7.0">>},1},
 {<<"uuid">>,{pkg,<<"uuid_erl">>,<<"2.0.4">>},0},
 {<<"worker_pool">>,{pkg,<<"worker_pool">>,<<"6.0.1">>},0}]}.
[
{pkg_hash,[
 {<<"amqp_client">>, <<"4EBE8040BE3EE195E42BB483D37CD64FAF3C306201DC22A3F5CCE2A91A9E562E">>},
 {<<"backoff">>, <<"DE762C05ED6DFAE862D83DC9E58AE936792B01302B3595F5CFFE86F2D8E6C1DD">>},
 {<<"base16">>, <<"F0549F732E03BE8124ED0D19FD5EE52146CC8BE24C48CBC3F23AB44B157F11A2">>},
 {<<"bbmustache">>, <<"0CABDCE0DB9FE6D3318131174B9F2B351328A4C0AFBEB3E6E99BB0E02E9B621D">>},
 {<<"bear">>, <<"430419C1126B477686CDE843E88BA0F2C7DC5CDF0881C677500074F704339A99">>},
 {<<"cache_tab">>, <<"6C161988620B788D8DF28C8F6AF557571609C8E4B671DBADAB295A4722CD501B">>},
 {<<"certifi">>, <<"D0F424232390BF47D82DA8478022301C561CF6445B5B5FB6A84D49A9E76D2639">>},
 {<<"cowboy">>, <<"865DD8B6607E14CF03282E10E934023A1BD8BE6F6BACF921A7E2A96D800CD452">>},
 {<<"cowboy_swagger">>, <<"2082DA720A61C652CE0CA480536C77BEA74496709BB985DAFA7BC58CD716C0B4">>},
 {<<"cowlib">>, <<"0B9FF9C346629256C42EBE1EEB769A83C6CB771A6EE5960BD110AB0B9B872063">>},
 {<<"cpool">>, <<"76222AA1DAC0F8089707167BD69D221EDA63DB65B8BD67DBF6E133075392EEDC">>},
 {<<"credentials_obfuscation">>, <<"9FB57683B84899CA3546B384E59AB5D3054A9F334EBA50D74C82CD0AE82DD6CA">>},
 {<<"eini">>, <<"FCC3CBD49BBDD9A1D9735C7365DAFFCD84481CCE81E6CB80537883AA44AC4895">>},
 {<<"eodbc">>, <<"AA2DE4CFBAC2B97FA66B18A8369BF0484F72CA84AD68BF9BB81B5BA3DB40D730">>},
 {<<"epgsql">>, <<"A403534D03811C867E79405BB18D6061A5FCEF92ACF0236A9150AC93748CE143">>},
 {<<"eredis">>, <<"0B8E9CFC2C00FA1374CD107EA63B49BE08D933DF2CF175E6A89B73DD9C380DE4">>},
 {<<"erl_csv">>, <<"3006C931DFD9FC40AD6CC01D2971768B09E51BD345E90162C9241A31FCFE8EF0">>},
 {<<"erlcloud">>, <<"F5ED26042A7A020B9E718DCDC21D3005AE08FED66857C0FD92012B3E21081871">>},
 {<<"exml">>, <<"2B5E288658C92ACD4791E95838422CC70B51FD4AAC48355B4CF3E780404E6A7B">>},
 {<<"fast_pbkdf2">>, <<"4F09D6C6C20DBEE1970E0A6AE91432E1B7731F88426C671D083BAC31FFA1FDAD">>},
 {<<"fast_scram">>, <<"299A2D430955A62A94CB43B1A727C5D21A5C4BD11AEBA476AE2F3A24CFBE89C3">>},
 {<<"fast_tls">>, <<"828CDC75E1E8FCE8158846D2B971D8B4FE2B2DDCC75B759E88D751079BF78AFD">>},
 {<<"flatlog">>, <<"8C4B81A4931A1396254DBD975B841F4A6350D6F128FF94FFE86799A4451E32B1">>},
 {<<"fusco">>, <<"3DD6A90151DFEF30EA1937CC44E9A59177C0094918388D9BCAA2F2DC5E2AE4AA">>},
 {<<"gen_fsm_compat">>, <<"5903549F67D595F58A7101154CBE0FDD46955FBFBE40813F1E53C23A970FF5F4">>},
 {<<"goldrush">>, <<"F06E5D5F1277DA5C413E84D5A2924174182FB108DABB39D5EC548B27424CD106">>},
 {<<"gun">>, <<"CF8B51BEB36C22B9C8DF1921E3F2BC4D2B1F68B49AD4FBC64E91875AA14E16B4">>},
 {<<"hackney">>, <<"24EDC8CD2B28E1C652593833862435C80661834F6C9344E84B6A2255E7AEEF03">>},
 {<<"idna">>, <<"8A63070E9F7D0C62EB9D9FCB360A7DE382448200FBBD1B106CC96D3D8099DF8D">>},
 {<<"jid">>, <<"0D0FD1130EAD05DF672D1C9E0405D3000F0C87A7D446577755CF5EB173104FE9">>},
 {<<"jiffy">>, <<"ACA10F47AA91697BF24AB9582C74E00E8E95474C7EF9F76D4F1A338D0F5DE21B">>},
 {<<"jsx">>, <<"D2F6E5F069C00266CAD52FB15D87C428579EA4D7D73A33669E12679E203329DD">>},
 {<<"lager">>, <<"4CAB289120EB24964E3886BD22323CB5FEFE4510C076992A23AD18CF85413D8C">>},
 {<<"lasse">>, <<"DB8F06983B235F6C4C86AC79BCF23EDDCA16FCCCAD1EB45F222852BB133BD793">>},
 {<<"lhttpc">>, <<"044F16F0018C7AA7E945E9E9406C7F6035E0B8BC08BF77B00C78CE260E1071E3">>},
 {<<"meck">>, <<"FFEDB39F99B0B99703B8601C6F17C7F76313EE12DE6B646E671E3188401F7866">>},
 {<<"metrics">>, <<"25F094DEA2CDA98213CECC3AEFF09E940299D950904393B2A29D191C346A8486">>},
 {<<"mimerl">>, <<"993F9B0E084083405ED8252B99460C4F0563E41729AB42D9074FD5E52439BE88">>},
 {<<"mysql">>, <<"0E4BBCF701B7D8EA5C3750F220F26323C0FC18B844960988BE196B33A8A9F3C1">>},
 {<<"observer_cli">>, <<"C9CA1F623A3EF0158283A3C37CD7B7235BFE85927AD6E26396DD247E2057F5A1">>},
 {<<"p1_utils">>, <<"7F94466ADA69BD982EA7BB80FBCA18E7053E7D0B82C9D9E37621FA508587069B">>},
 {<<"parse_trans">>, <<"BB87AC362A03CA674EBB7D9D498F45C03256ADED7214C9101F7035EF44B798C7">>},
 {<<"pooler">>, <<"898CD1FA301FC42D4A8ED598CE139B71CA85B54C16AB161152B5CC5FBDCFA1A8">>},
 {<<"proper">>, <<"89A44B8C39D28BB9B4BE8E4D715D534905B325470F2E0EC5E004D12484A79434">>},
 {<<"quickrand">>, <<"168CA3A8466A26912B8C3A1D6AA58975E1BB49E5C7AFB4998B80F6B90F910490">>},
 {<<"rabbit_common">>, <<"25DF900B1AEC7357C90253CC4528B43C5FF064F27C8C627707B747AE986EBF77">>},
 {<<"ranch">>, <<"8C7A100A139FD57F17327B6413E4167AC559FBC04CA7448E9BE9057311597A1D">>},
 {<<"re2">>, <<"8114654E72EF62F605A8A393F219702F253CB7A02F671503918B76D0614DB046">>},
 {<<"recon">>, <<"CBA53FA8DB83AD968C9A652E09C3ED7DDCC4DA434F27C3EAA9CA47FFB2B1FF03">>},
 {<<"redbug">>, <<"9153EE50E42C39CE3F6EFA65EE746F4A52896DA66862CFB59E7C0F838B7B8414">>},
 {<<"segmented_cache">>, <<"908C7762DC92FFFC176F28176C6722AF8875FA79DE2C22028BC1A0261A5F4497">>},
 {<<"ssl_verify_fun">>, <<"28A4D65B7F59893BC2C7DE786DEC1E1555BD742D336043FE644AE956C3497FBE">>},
 {<<"stringprep">>, <<"02808C7024BC6285CA6A8A67E7ADDFC16F35DDA55551A582C5181D8EA960E890">>},
 {<<"syslogger">>, <<"B0187E00330AA637AAD6E5A4BACC03492FCE172ABDFADB5F968A5A5AC10C660B">>},
 {<<"telemetry">>, <<"0F453A102CDF13D506B7C0AB158324C337C41F1CC7548F0BC0E130BBF0AE9452">>},
 {<<"tirerl">>, <<"A80B45AED46342A6985FD52DEBB32BA26214EEF5C43EE2AE88BFBF815FA4F9F8">>},
 {<<"tomerl">>, <<"6E7CEAC151AC573B87B985F3D2112F29933B89BA0693FA741318D899A17AC318">>},
 {<<"trails">>, <<"B09703F056705F4943E14FFF077B98C711A6F48FAD40F4FF0B350794074AD69C">>},
 {<<"unicode_util_compat">>, <<"BC84380C9AB48177092F43AC89E4DFA2C6D62B40B8BD132B1059ECC7232F9A78">>},
 {<<"uuid">>, <<"77C3E3EE1E1701A2856CE945846D7CEB71931C60633A305D0B0FEAE03B2B3B5C">>},
 {<<"worker_pool">>, <<"CA262C2DFB3B4AF661B206C82065D86F83922B7227508AA6E0BC34D3E5AE5135">>}]},
{pkg_hash_ext,[
 {<<"amqp_client">>, <<"CDD74BC8E9D5E8610975009DCAE1293BDF7198EE6D8315A1FFB5055467010520">>},
 {<<"backoff">>, <<"30CEAD738D20E4C8D36CD37857DD5E23AEBA57CB868BF64766D47D371422BDFF">>},
 {<<"base16">>, <<"06EA2D48343282E712160BA89F692B471DB8B36ABE8394F3445FF9032251D772">>},
 {<<"bbmustache">>, <<"688B33A4D5CC2D51F575ADF0B3683FC40A38314A2F150906EDCFC77F5B577B3B">>},
 {<<"bear">>, <<"157B67901ADF84FF0DA6EAE035CA1292A0AC18AA55148154D8C582B2C68959DB">>},
 {<<"cache_tab">>, <<"A02A638021CCE91ED1A8628DCBB4795BF5C01C9D11DB8C613065923142824CE9">>},
 {<<"certifi">>, <<"E12D667D042C11D130594BAE2B0097E63836FE8B1E6D6B2CC48F8BB7A2CF7D68">>},
 {<<"cowboy">>, <<"2C729F934B4E1AA149AFF882F57C6372C15399A20D54F65C8D67BEF583021BDE">>},
 {<<"cowboy_swagger">>, <<"551FC1F026F5706C602543EE5BB88AA7F77DF3BCCEB5B6AA11A60AC8437884D9">>},
 {<<"cowlib">>, <<"2B3E9DA0B21C4565751A6D4901C20D1B4CC25CBB7FD50D91D2AB6DD287BC86A9">>},
 {<<"cpool">>, <<"430E18DF4A9D584EB1ED0D196A87CC02E878AF5B4888BFDC9B65F86A96480E30">>},
 {<<"credentials_obfuscation">>, <<"D28A89830E30698B075DE9A4DBE683A20685C6BED1E3B7DF744A0C06E6FF200A">>},
 {<<"eini">>, <<"DA64AE8DB7C2F502E6F20CDF44CD3D9BE364412B87FF49FEBF282540F673DFCB">>},
 {<<"eodbc">>, <<"A96ED4E67C10A484A96106EE8C744468CD042063E3A2AA2B3BC4F21B61AB99CA">>},
 {<<"epgsql">>, <<"6BE4910A02551F21EAB6F6F27D97B0D4B1DFFC617F1A64C8C95FDD45652FA9E1">>},
 {<<"eredis">>, <<"D9B5ABEF2C2C8ABA8F32AA018203E0B3DC8B1157773B254AB1D4C2002317F1E1">>},
 {<<"erl_csv">>, <<"175E413BE631C5D9B5D14282FE3A0AB712A0A5964AEB6ED3F1C0880DA2C89AFD">>},
 {<<"erlcloud">>, <<"5D10F35D60436A7CF09A45A1E310C7A215CA0C7A0641435ABD880FA1638718D0">>},
 {<<"exml">>, <<"CC63B8A0CD96C1CA20B5F0C0CCCA75DED99D681385896A10E3BC848423D0AAC9">>},
 {<<"fast_pbkdf2">>, <<"2900431E2E6402F23A92754448BBD949DA366BC9C984FDC791DDCFCC41042434">>},
 {<<"fast_scram">>, <<"4B30084E3BDB39158076381FC871035BEFD157D5EE614BDA5E19EA482855E5D5">>},
 {<<"fast_tls">>, <<"D1F422AF40C7777FE534496F508EE86515CB929AD10F7D1D56AA94CE899B44A0">>},
 {<<"flatlog">>, <<"FDD2A311A67F63F9D0BC194FAD6BEAF9CCCDE8FFFEE2919DF1C4D86098E49984">>},
 {<<"fusco">>, <<"6343551BD1E824F2A6CA85E1158C5B37C320FD449FBFEC7450A73F192AAF9022">>},
 {<<"gen_fsm_compat">>, <<"7153D11BAD328933D4B24E663D8CEC52874E14176C7FB392FA1FF768B17460D9">>},
 {<<"goldrush">>, <<"99CB4128CFFCB3227581E5D4D803D5413FA643F4EB96523F77D9E6937D994CEB">>},
 {<<"gun">>, <<"3106CE167F9C9723F849E4FB54EA4A4D814E3996AE243A1C828B256E749041E0">>},
 {<<"hackney">>, <<"4D605D33DD07EE1B82B105033CCCB02379515105FCEB1850746591814B00C205">>},
 {<<"idna">>, <<"92376EB7894412ED19AC475E4A86F7B413C1B9FBB5BD16DCCD57934157944CEA">>},
 {<<"jid">>, <<"7BAE8403552D5BCECD1CD2A848445B5FC3533F5EEB355173A0531A1A1AA8E008">>},
 {<<"jiffy">>, <<"62E1F0581C3C19C33A725C781DFA88410D8BFF1BBAFC3885A2552286B4785C4C">>},
 {<<"jsx">>, <<"8EE1DB1CABAFDD578A2776A6AAAE87C2A8CE54B47B59E9EC7DAB5D7EB71CD8DC">>},
 {<<"lager">>, <<"7F904D9E87A8CB7E66156ED31768D1C8E26EBA1D54F4BC85B1AA4AC1F6340C28">>},
 {<<"lasse">>, <<"8081769683F73D76A718319A593F8551A0D3747404C51CCE5869CFC6AEDC7EDF">>},
 {<<"lhttpc">>, <<"76B5FA6149D1E10D4B1FBC4EBD51D371DB19C1AB9F0A9ECF5B526440DF064E97">>},
 {<<"meck">>, <<"D34F013C156DB51AD57CC556891B9720E6A1C1DF5FE2E15AF999C84D6CEBEB1A">>},
 {<<"metrics">>, <<"69B09ADDDC4F74A40716AE54D140F93BEB0FB8978D8636EADED0C31B6F099F16">>},
 {<<"mimerl">>, <<"7A4C8E1115A2732A67D7624E28CF6C9F30C66711A9E92928E745C255887BA465">>},
 {<<"mysql">>, <<"D473C479C19E5CDE20237458EEAD6673C3C00E0EF84AFD30615AEBBB67FEE7B3">>},
 {<<"observer_cli">>, <<"4CCAFAAA2CE01B85DDD14591F4D5F6731B4E13B610A70FB841F0701178478280">>},
 {<<"p1_utils">>, <<"47F21618694EEEE5006AF1C88731AD86B757161E7823C29B6F73921B571C8502">>},
 {<<"parse_trans">>, <<"F99E368830BEA44552224E37E04943A54874F08B8590485DE8D13832B63A2DC3">>},
 {<<"pooler">>, <<"058D85C5081289B90E97E4DDDBC3BB5A3B4A19A728AB3BC88C689EFCC36A07C7">>},
 {<<"proper">>, <<"18285842185BD33EFBDA97D134A5CB5A0884384DB36119FEE0E3CFA488568CBB">>},
 {<<"quickrand">>, <<"4CB18E9304CF28E054E8DC6E151D1AC7F174E6FE31D5C1A07F71279B92A90800">>},
 {<<"rabbit_common">>, <<"1BCAC63760A0BF0E55D7D3C2FF36ED2310E0B560BD110A5A2D602D76D9C08E1A">>},
 {<<"ranch">>, <<"49FBCFD3682FAB1F5D109351B61257676DA1A2FDBE295904176D5E521A2DDFE5">>},
 {<<"re2">>, <<"FF0703CA095B5BEBF57DD12571AF24B3BA404180E9B5E43128790B5D31EBE803">>},
 {<<"recon">>, <<"2C7523C8DEE91DFF41F6B3D63CBA2BD49EB6D2FE5BF1EEC0DF7F87EB5E230E1C">>},
 {<<"redbug">>, <<"BFC7BCB8743C55DBE0134DBCB89DD6A57606288CC4E2570ECCD701061FBCBD93">>},
 {<<"segmented_cache">>, <<"8DCCE6B5E9D4CDF5B4E031B39A883010F6BA766CEBF6C028749A98D3A403EC68">>},
 {<<"ssl_verify_fun">>, <<"4F8805EB5C8A939CF2359367CB651A3180B27DFB48444846BE2613D79355D65E">>},
 {<<"stringprep">>, <<"A5967B1144CA8002A58A03D16DD109FBD0BCDB82616CEAD2F983944314AF6A00">>},
 {<<"syslogger">>, <<"3FE5D3EF59A0AF0E9A9B159DC4E888C9E8470D2DD201C6DFF004507F3ED578AD">>},
 {<<"telemetry">>, <<"73BC09FA59B4A0284EFB4624335583C528E07EC9AE76ACA96EA0673850AEC57A">>},
 {<<"tirerl">>, <<"C049F38B7F8D5BE01FFC484CBC5CC1EAC5E74FB81AC7138C4D1A27C59570F8E7">>},
 {<<"tomerl">>, <<"2A7FB62F9EBF0E75561B39255638BC2B805B437C86FEC538657E7C3B576979FA">>},
 {<<"trails">>, <<"40804001EB80417AA9D02400F39B7216956C3F251539A8A6096A69B3FAC0EA07">>},
 {<<"unicode_util_compat">>, <<"25EEE6D67DF61960CF6A794239566599B09E17E668D3700247BC498638152521">>},
 {<<"uuid">>, <<"7A4CCD1C151D9B88B4383FA802BCCF9BCB3754B7F53D7CAA164D51A14A6652E4">>},
 {<<"worker_pool">>, <<"772E12CCB26909EA7F804B52E86E733DF66BB8150F683B591B0A762196494C74">>}]}
].
