{"1.2.0",
[{<<"amqp_client">>,{pkg,<<"amqp_client">>,<<"3.9.5">>},0},
 {<<"backoff">>,{pkg,<<"backoff">>,<<"1.1.3">>},1},
 {<<"base16">>,{pkg,<<"base16">>,<<"2.0.0">>},0},
 {<<"bbmustache">>,{pkg,<<"bbmustache">>,<<"1.12.2">>},0},
 {<<"cache_tab">>,{pkg,<<"cache_tab">>,<<"1.0.29">>},0},
 {<<"certifi">>,{pkg,<<"certifi">>,<<"2.3.1">>},2},
 {<<"cowboy">>,{pkg,<<"cowboy">>,<<"2.9.0">>},0},
 {<<"cowboy_swagger">>,{pkg,<<"cowboy_swagger">>,<<"2.2.2">>},0},
 {<<"cowlib">>,{pkg,<<"cowlib">>,<<"2.11.0">>},1},
 {<<"cpool">>,{pkg,<<"cpool">>,<<"0.1.0">>},0},
 {<<"cqerl">>,
  {git,"https://github.com/esl/cqerl.git",
       {ref,"816a455bcb8ddc1e63d53602e73efe297f4d0a4e"}},
  0},
 {<<"credentials_obfuscation">>,
  {pkg,<<"credentials_obfuscation">>,<<"2.4.0">>},
  2},
 {<<"csv">>,
  {git,"https://github.com/bszaf/csv.git",
       {ref,"b0b854d8be2d69b0c6eb9bae5591008098973af9"}},
  0},
 {<<"eini">>,{pkg,<<"eini">>,<<"1.2.7">>},1},
 {<<"eodbc">>,
  {git,"https://github.com/arcusfelis/eodbc.git",
       {ref,"1823d8fe6f5fbe2d8724a9649b75ebd5b8738661"}},
  0},
 {<<"eper">>,
  {git,"http://github.com/basho/eper.git",
       {ref,"fc165bf4072ecb9ce5648aab86db2baad12122f5"}},
  2},
 {<<"epgsql">>,{pkg,<<"epgsql">>,<<"4.6.0">>},0},
 {<<"eredis">>,{pkg,<<"eredis">>,<<"1.2.0">>},0},
 {<<"erl_csv_generator">>,
  {git,"https://github.com/aleklisi/erl_csv_generator.git",
       {ref,"72a61b0f96db46bfb8905e933c8ec11e12cfd21e"}},
  0},
 {<<"erlang_pmp">>,{pkg,<<"erlang_pmp">>,<<"0.1.1">>},0},
 {<<"erlcloud">>,{pkg,<<"erlcloud">>,<<"3.5.5">>},0},
 {<<"exml">>,{pkg,<<"hexml">>,<<"3.0.5">>},0},
 {<<"exometer_core">>,
  {git,"https://github.com/esl/exometer_core.git",
       {ref,"979ff04bcabc276c122b47fb7e6b54fbded62576"}},
  0},
 {<<"exometer_report_graphite">>,
  {git,"https://github.com/esl/exometer_report_graphite.git",
       {ref,"264dd7bcbadbd7febcd43917302251286c88b681"}},
  0},
 {<<"exometer_report_statsd">>,
  {git,"https://github.com/esl/exometer_report_statsd.git",
       {ref,"75f6f9ef2b3c0a677f9dba9a4b3d9d77c276a032"}},
  0},
 {<<"fast_scram">>,{pkg,<<"fast_scram">>,<<"0.2.0">>},0},
 {<<"fast_tls">>,{pkg,<<"fast_tls">>,<<"1.1.13">>},0},
 {<<"flatlog">>,
  {git,"https://github.com/ferd/flatlog.git",
       {ref,"19304ca67af9a9d365d62f808c329bdf3d2471f1"}},
  0},
 {<<"fusco">>,{pkg,<<"fusco">>,<<"0.1.1">>},0},
 {<<"gen_fsm_compat">>,{pkg,<<"gen_fsm_compat">>,<<"0.3.0">>},0},
 {<<"goldrush">>,{pkg,<<"goldrush">>,<<"0.1.9">>},1},
 {<<"gun">>,{pkg,<<"gun">>,<<"1.3.3">>},0},
 {<<"hackney">>,{pkg,<<"hackney">>,<<"1.13.0">>},1},
 {<<"hamcrest">>,
  {git,"https://github.com/basho/hamcrest-erlang.git",
       {ref,"ad3dbab419762fc2d5821abb88b989da006b85c6"}},
  2},
 {<<"hut">>,{pkg,<<"hut">>,<<"1.2.1">>},1},
 {<<"idna">>,{pkg,<<"idna">>,<<"6.0.1">>},0},
 {<<"jid">>,{pkg,<<"mongoose_jid">>,<<"1.0.0">>},0},
 {<<"jiffy">>,{pkg,<<"jiffy">>,<<"1.0.8">>},0},
 {<<"jsx">>,{pkg,<<"jsx">>,<<"2.9.0">>},1},
 {<<"jwerl">>,
  {git,"https://gitlab.com/vkatsuba/jwerl.git",
       {ref,"d03607fd14a6a7556f01014af84903a3df60ff5d"}},
  0},
 {<<"lager">>,{pkg,<<"lager">>,<<"3.9.2">>},0},
 {<<"lasse">>,{pkg,<<"lasse">>,<<"1.2.0">>},0},
 {<<"lhttpc">>,{pkg,<<"lhttpc">>,<<"1.6.2">>},1},
 {<<"luerl">>,
  {git,"https://github.com/rvirding/luerl.git",
       {ref,"8654ba0d8f519352ec4611dfe9f19f54f74ba253"}},
  2},
 {<<"lz4">>,
  {git,"https://github.com/szktty/erlang-lz4.git",
       {ref,"e7ccf4fc9a806982055f26772522c3543c89d1b5"}},
  1},
 {<<"meck">>,{pkg,<<"meck">>,<<"0.8.13">>},0},
 {<<"metrics">>,{pkg,<<"metrics">>,<<"1.0.1">>},2},
 {<<"mimerl">>,{pkg,<<"mimerl">>,<<"1.0.2">>},2},
 {<<"mysql">>,{pkg,<<"mysql">>,<<"1.6.0">>},0},
 {<<"nklib">>,
  {git,"https://github.com/michalwski/nklib.git",
       {ref,"006c1b7f6b848dfa8fc2efa41eeed4fd5f2b3b34"}},
  1},
 {<<"nkpacket">>,
  {git,"https://github.com/michalwski/nkpacket.git",
       {ref,"f7c5349af285ec0e5c43e90b9ef7668a2d2411c8"}},
  0},
 {<<"nkservice">>,
  {git,"https://github.com/Nekso/nkservice",
       {ref,"affbd5b9c914e2c8775dd45733a0b5c15d784e34"}},
  1},
 {<<"nksip">>,
  {git,"https://github.com/NetComposer/nksip.git",
       {ref,"1a29ef3e112ee0a8d8ac53bd6963ccc8f7879343"}},
  0},
 {<<"observer_cli">>,{pkg,<<"observer_cli">>,<<"1.5.4">>},0},
 {<<"p1_utils">>,{pkg,<<"p1_utils">>,<<"1.0.23">>},1},
 {<<"pa">>,
  {git,"https://github.com/erszcz/pa.git",
       {ref,"84b73c33bc9c95b64ef99cead65278f3a91bc635"}},
  0},
 {<<"parse_trans">>,{pkg,<<"parse_trans">>,<<"3.3.0">>},1},
 {<<"pooler">>,{pkg,<<"pooler">>,<<"1.5.3">>},1},
 {<<"proper">>,{pkg,<<"proper">>,<<"1.4.0">>},0},
 {<<"quickrand">>,{pkg,<<"quickrand">>,<<"2.0.2">>},1},
 {<<"rabbit_common">>,{pkg,<<"rabbit_common">>,<<"3.9.5">>},1},
 {<<"ranch">>,{pkg,<<"ranch">>,<<"1.8.0">>},1},
 {<<"re2">>,
  {git,"https://github.com/dukesoferl/re2.git",
       {ref,"9d66dff878f229d7f2a33019022f590dede9fef1"}},
  1},
 {<<"recon">>,{pkg,<<"recon">>,<<"2.5.2">>},0},
 {<<"redbug">>,{pkg,<<"redbug">>,<<"1.2.1">>},1},
 {<<"riak_pb">>,
  {git,"https://github.com/basho/riak_pb",
       {ref,"08771aba2ce4935b715d32d1b92555efdc3da994"}},
  1},
 {<<"riakc">>,
  {git,"https://github.com/basho/riak-erlang-client.git",
       {ref,"f3a0592cf2200fd37b46b5188cabd4cf7058d776"}},
  0},
 {<<"segmented_cache">>,{pkg,<<"segmented_cache">>,<<"0.1.1">>},0},
 {<<"semver">>,
  {git,"https://github.com/nebularis/semver.git",
       {ref,"c7d509f38298ec6594be4efdcd8a8f2322760039"}},
  1},
 {<<"snappy">>,
  {git,"https://github.com/skunkwerks/snappy-erlang-nif.git",
       {ref,"e8907ee8e37cfa07d933a070669a88798082c3d7"}},
  1},
 {<<"ssl_verify_fun">>,{pkg,<<"ssl_verify_fun">>,<<"1.1.1">>},2},
 {<<"stringprep">>,{pkg,<<"stringprep">>,<<"1.0.25">>},1},
 {<<"syslogger">>,
  {git,"https://github.com/NelsonVides/syslogger.git",
       {ref,"a1117a2571f40a3f1f3da286ba54d76cbbca9fa7"}},
  0},
 {<<"telemetry">>,{pkg,<<"telemetry">>,<<"1.0.0">>},0},
 {<<"tirerl">>,{pkg,<<"tirerl">>,<<"1.1.0">>},0},
 {<<"tomerl">>,{pkg,<<"tomerl">>,<<"0.5.0">>},0},
 {<<"trails">>,{pkg,<<"trails">>,<<"2.1.0">>},0},
 {<<"unicode_util_compat">>,{pkg,<<"unicode_util_compat">>,<<"0.5.0">>},1},
 {<<"uuid">>,{pkg,<<"uuid_erl">>,<<"2.0.2">>},0},
 {<<"worker_pool">>,{pkg,<<"worker_pool">>,<<"5.1.0">>},0}]}.
[
{pkg_hash,[
 {<<"amqp_client">>, <<"BE7B022550F1C0DDFB23A3145FC3D59B5EDB9FDFCC1DD705796C97F77E9EAC98">>},
 {<<"backoff">>, <<"DE762C05ED6DFAE862D83DC9E58AE936792B01302B3595F5CFFE86F2D8E6C1DD">>},
 {<<"base16">>, <<"9DA694FA0778DF31522A1B9EB349BA4AC9063B497234DC49509C1F5C37F336A2">>},
 {<<"bbmustache">>, <<"0CABDCE0DB9FE6D3318131174B9F2B351328A4C0AFBEB3E6E99BB0E02E9B621D">>},
 {<<"cache_tab">>, <<"6C161988620B788D8DF28C8F6AF557571609C8E4B671DBADAB295A4722CD501B">>},
 {<<"certifi">>, <<"D0F424232390BF47D82DA8478022301C561CF6445B5B5FB6A84D49A9E76D2639">>},
 {<<"cowboy">>, <<"865DD8B6607E14CF03282E10E934023A1BD8BE6F6BACF921A7E2A96D800CD452">>},
 {<<"cowboy_swagger">>, <<"478F2236C59CBAD27CB581F9866559376BB1D196228D9744D12AC16B0589C628">>},
 {<<"cowlib">>, <<"0B9FF9C346629256C42EBE1EEB769A83C6CB771A6EE5960BD110AB0B9B872063">>},
 {<<"cpool">>, <<"76222AA1DAC0F8089707167BD69D221EDA63DB65B8BD67DBF6E133075392EEDC">>},
 {<<"credentials_obfuscation">>, <<"9FB57683B84899CA3546B384E59AB5D3054A9F334EBA50D74C82CD0AE82DD6CA">>},
 {<<"eini">>, <<"EFC9D836E88591A47550BD34CE964E21CA1369F8716B24F73CFEA513FA99F666">>},
 {<<"epgsql">>, <<"A403534D03811C867E79405BB18D6061A5FCEF92ACF0236A9150AC93748CE143">>},
 {<<"eredis">>, <<"0B8E9CFC2C00FA1374CD107EA63B49BE08D933DF2CF175E6A89B73DD9C380DE4">>},
 {<<"erlang_pmp">>, <<"42FAA89EAF427B71533444F2B433D0010837636149595658499C356A5A39589B">>},
 {<<"erlcloud">>, <<"5E05551658A02EAB9A6696B58F293DC7E636C5D691CCABDB7899ED7CCCF6E39F">>},
 {<<"exml">>, <<"2A79262A744A9B100A9A27A8E76EADCF146F17653DABA2A88A74C8CF5B06ADF3">>},
 {<<"fast_scram">>, <<"1F8F467D34374D00CE4AB8D6F78430EA8ADCCD2DA6D5BA0069B9EA8A1CAC6DE1">>},
 {<<"fast_tls">>, <<"828CDC75E1E8FCE8158846D2B971D8B4FE2B2DDCC75B759E88D751079BF78AFD">>},
 {<<"fusco">>, <<"3DD6A90151DFEF30EA1937CC44E9A59177C0094918388D9BCAA2F2DC5E2AE4AA">>},
 {<<"gen_fsm_compat">>, <<"5903549F67D595F58A7101154CBE0FDD46955FBFBE40813F1E53C23A970FF5F4">>},
 {<<"goldrush">>, <<"F06E5D5F1277DA5C413E84D5A2924174182FB108DABB39D5EC548B27424CD106">>},
 {<<"gun">>, <<"CF8B51BEB36C22B9C8DF1921E3F2BC4D2B1F68B49AD4FBC64E91875AA14E16B4">>},
 {<<"hackney">>, <<"24EDC8CD2B28E1C652593833862435C80661834F6C9344E84B6A2255E7AEEF03">>},
 {<<"hut">>, <<"08D46679523043424870723923971889E8A34D63B2F946A35B46CF921D1236E7">>},
 {<<"idna">>, <<"1D038FB2E7668CE41FBF681D2C45902E52B3CB9E9C77B55334353B222C2EE50C">>},
 {<<"jid">>, <<"B6D8F9E3015CCB36868D5DB1E847C6176C4F7513360F11CA07B8B95DDC42421E">>},
 {<<"jiffy">>, <<"60E36F00BE35E5AC6E6CF2D4CAF3BDF3103D4460AFF385F543A8D7DF2D6D9613">>},
 {<<"jsx">>, <<"D2F6E5F069C00266CAD52FB15D87C428579EA4D7D73A33669E12679E203329DD">>},
 {<<"lager">>, <<"4CAB289120EB24964E3886BD22323CB5FEFE4510C076992A23AD18CF85413D8C">>},
 {<<"lasse">>, <<"DB8F06983B235F6C4C86AC79BCF23EDDCA16FCCCAD1EB45F222852BB133BD793">>},
 {<<"lhttpc">>, <<"044F16F0018C7AA7E945E9E9406C7F6035E0B8BC08BF77B00C78CE260E1071E3">>},
 {<<"meck">>, <<"FFEDB39F99B0B99703B8601C6F17C7F76313EE12DE6B646E671E3188401F7866">>},
 {<<"metrics">>, <<"25F094DEA2CDA98213CECC3AEFF09E940299D950904393B2A29D191C346A8486">>},
 {<<"mimerl">>, <<"993F9B0E084083405ED8252B99460C4F0563E41729AB42D9074FD5E52439BE88">>},
 {<<"mysql">>, <<"F7858A8BAB3DEB21684161F3A557DFC9698B1E212DCFCD182F89F93AEA740431">>},
 {<<"observer_cli">>, <<"E8489B3A7C77C2155C0B67FA9F90D9AFA76BF15C24FB7B312ADDCC117771D154">>},
 {<<"p1_utils">>, <<"7F94466ADA69BD982EA7BB80FBCA18E7053E7D0B82C9D9E37621FA508587069B">>},
 {<<"parse_trans">>, <<"09765507A3C7590A784615CFD421D101AEC25098D50B89D7AA1D66646BC571C1">>},
 {<<"pooler">>, <<"898CD1FA301FC42D4A8ED598CE139B71CA85B54C16AB161152B5CC5FBDCFA1A8">>},
 {<<"proper">>, <<"89A44B8C39D28BB9B4BE8E4D715D534905B325470F2E0EC5E004D12484A79434">>},
 {<<"quickrand">>, <<"1D73FAA52E0C149FCBC72A63C26135FF68BE8FA7870675C73645896788A7540C">>},
 {<<"rabbit_common">>, <<"4F94E901782DB08D2E944BEA8D8537010F724D1E37D7948661E48B887728C2A3">>},
 {<<"ranch">>, <<"8C7A100A139FD57F17327B6413E4167AC559FBC04CA7448E9BE9057311597A1D">>},
 {<<"recon">>, <<"CBA53FA8DB83AD968C9A652E09C3ED7DDCC4DA434F27C3EAA9CA47FFB2B1FF03">>},
 {<<"redbug">>, <<"9153EE50E42C39CE3F6EFA65EE746F4A52896DA66862CFB59E7C0F838B7B8414">>},
 {<<"segmented_cache">>, <<"8EC348A27B35A578EEC5375A439A0DF9ABE5EDDDAE18191B8CC0DF53F61494CE">>},
 {<<"ssl_verify_fun">>, <<"28A4D65B7F59893BC2C7DE786DEC1E1555BD742D336043FE644AE956C3497FBE">>},
 {<<"stringprep">>, <<"15062F6020777A51A96488F29CE9A2D83E3195F92FDF27F25ACC462DFF7D8D82">>},
 {<<"telemetry">>, <<"0F453A102CDF13D506B7C0AB158324C337C41F1CC7548F0BC0E130BBF0AE9452">>},
 {<<"tirerl">>, <<"A80B45AED46342A6985FD52DEBB32BA26214EEF5C43EE2AE88BFBF815FA4F9F8">>},
 {<<"tomerl">>, <<"6E7CEAC151AC573B87B985F3D2112F29933B89BA0693FA741318D899A17AC318">>},
 {<<"trails">>, <<"D51D7F065F2B692654C611C663BFAC377D47EAFF9D38D0C17ECD031D1A59399A">>},
 {<<"unicode_util_compat">>, <<"8516502659002CEC19E244EBD90D312183064BE95025A319A6C7E89F4BCCD65B">>},
 {<<"uuid">>, <<"0D1CA9D94CA3B058467BCE20B7706CC816A2BDBBE0574DD008936AE97EA4EBE7">>},
 {<<"worker_pool">>, <<"61BA970F856AF8B2D85232ADC8E4B990FA1719F396FCDAD954702946395ADD80">>}]},
{pkg_hash_ext,[
 {<<"amqp_client">>, <<"DC7CD4D35B4AFF28620F7CD58A9B8F394DAD93CF896704B1F770554F5FF20FDE">>},
 {<<"backoff">>, <<"30CEAD738D20E4C8D36CD37857DD5E23AEBA57CB868BF64766D47D371422BDFF">>},
 {<<"base16">>, <<"63067A9F73D2422F15344A1EAF7033C3B339DC64DA0229DE3DF26F0F6F1E4F82">>},
 {<<"bbmustache">>, <<"688B33A4D5CC2D51F575ADF0B3683FC40A38314A2F150906EDCFC77F5B577B3B">>},
 {<<"cache_tab">>, <<"A02A638021CCE91ED1A8628DCBB4795BF5C01C9D11DB8C613065923142824CE9">>},
 {<<"certifi">>, <<"E12D667D042C11D130594BAE2B0097E63836FE8B1E6D6B2CC48F8BB7A2CF7D68">>},
 {<<"cowboy">>, <<"2C729F934B4E1AA149AFF882F57C6372C15399A20D54F65C8D67BEF583021BDE">>},
 {<<"cowboy_swagger">>, <<"9BB013B8EE3B40F20FCC43D19785627984829ACBF2F051A45421B66DB6F0E7A1">>},
 {<<"cowlib">>, <<"2B3E9DA0B21C4565751A6D4901C20D1B4CC25CBB7FD50D91D2AB6DD287BC86A9">>},
 {<<"cpool">>, <<"430E18DF4A9D584EB1ED0D196A87CC02E878AF5B4888BFDC9B65F86A96480E30">>},
 {<<"credentials_obfuscation">>, <<"D28A89830E30698B075DE9A4DBE683A20685C6BED1E3B7DF744A0C06E6FF200A">>},
 {<<"eini">>, <<"CD604597DCDB8AD76CCBAAF8C303EF94136729BA4AD6ABC88A4AB800E6D8E99A">>},
 {<<"epgsql">>, <<"6BE4910A02551F21EAB6F6F27D97B0D4B1DFFC617F1A64C8C95FDD45652FA9E1">>},
 {<<"eredis">>, <<"D9B5ABEF2C2C8ABA8F32AA018203E0B3DC8B1157773B254AB1D4C2002317F1E1">>},
 {<<"erlang_pmp">>, <<"58EB8E466B4A1A9E841E59B0CEAB03EFD22FC195BD1B11B1FC6DAE4536DA6A16">>},
 {<<"erlcloud">>, <<"86C9F6BC6B63BA9479D5293A21A5280C9C1E55C496C56B26D9D990BAE095E322">>},
 {<<"exml">>, <<"426B50FA455C95760BA4F7C75ED76F90A58837742CBE38A86C6A75BEFA383907">>},
 {<<"fast_scram">>, <<"9401856A0D4FE620F8EC24C893689D485AE49FBD3F503CF5FCD9D1E69935C511">>},
 {<<"fast_tls">>, <<"D1F422AF40C7777FE534496F508EE86515CB929AD10F7D1D56AA94CE899B44A0">>},
 {<<"fusco">>, <<"6343551BD1E824F2A6CA85E1158C5B37C320FD449FBFEC7450A73F192AAF9022">>},
 {<<"gen_fsm_compat">>, <<"7153D11BAD328933D4B24E663D8CEC52874E14176C7FB392FA1FF768B17460D9">>},
 {<<"goldrush">>, <<"99CB4128CFFCB3227581E5D4D803D5413FA643F4EB96523F77D9E6937D994CEB">>},
 {<<"gun">>, <<"3106CE167F9C9723F849E4FB54EA4A4D814E3996AE243A1C828B256E749041E0">>},
 {<<"hackney">>, <<"4D605D33DD07EE1B82B105033CCCB02379515105FCEB1850746591814B00C205">>},
 {<<"hut">>, <<"953FC447514BAF9CC79FA147D66469243C94DFA1593779614E070C692D0BF0F3">>},
 {<<"idna">>, <<"A02C8A1C4FD601215BB0B0324C8A6986749F807CE35F25449EC9E69758708122">>},
 {<<"jid">>, <<"D96C1223660E54549305252A3492500980505652AEB80950E201A3C446C4C9D2">>},
 {<<"jiffy">>, <<"F9AE986BA5A0854EB48CF6A76192D9367086DA86C20197DA430630BE7C087A4E">>},
 {<<"jsx">>, <<"8EE1DB1CABAFDD578A2776A6AAAE87C2A8CE54B47B59E9EC7DAB5D7EB71CD8DC">>},
 {<<"lager">>, <<"7F904D9E87A8CB7E66156ED31768D1C8E26EBA1D54F4BC85B1AA4AC1F6340C28">>},
 {<<"lasse">>, <<"8081769683F73D76A718319A593F8551A0D3747404C51CCE5869CFC6AEDC7EDF">>},
 {<<"lhttpc">>, <<"76B5FA6149D1E10D4B1FBC4EBD51D371DB19C1AB9F0A9ECF5B526440DF064E97">>},
 {<<"meck">>, <<"D34F013C156DB51AD57CC556891B9720E6A1C1DF5FE2E15AF999C84D6CEBEB1A">>},
 {<<"metrics">>, <<"69B09ADDDC4F74A40716AE54D140F93BEB0FB8978D8636EADED0C31B6F099F16">>},
 {<<"mimerl">>, <<"7A4C8E1115A2732A67D7624E28CF6C9F30C66711A9E92928E745C255887BA465">>},
 {<<"mysql">>, <<"0B7B72927F99EB89E5AC2DAA5DB05DAAC6FDE99FDEA33B02406913A617F4A1A7">>},
 {<<"observer_cli">>, <<"F4825D374B22F258AD114A74796B79B86E20A03611051719F6062353C05389CB">>},
 {<<"p1_utils">>, <<"47F21618694EEEE5006AF1C88731AD86B757161E7823C29B6F73921B571C8502">>},
 {<<"parse_trans">>, <<"17EF63ABDE837AD30680EA7F857DD9E7CED9476CDD7B0394432AF4BFC241B960">>},
 {<<"pooler">>, <<"058D85C5081289B90E97E4DDDBC3BB5A3B4A19A728AB3BC88C689EFCC36A07C7">>},
 {<<"proper">>, <<"18285842185BD33EFBDA97D134A5CB5A0884384DB36119FEE0E3CFA488568CBB">>},
 {<<"quickrand">>, <<"E21C6C7F29CA995468662085CA54D7D09E861C180A9DFEC2CF4A2E75364A16D6">>},
 {<<"rabbit_common">>, <<"D4F238DF7C2DC67ECECCD1E8A70EAFCC15FDB69DB1E82820533DBE92A229655A">>},
 {<<"ranch">>, <<"49FBCFD3682FAB1F5D109351B61257676DA1A2FDBE295904176D5E521A2DDFE5">>},
 {<<"recon">>, <<"2C7523C8DEE91DFF41F6B3D63CBA2BD49EB6D2FE5BF1EEC0DF7F87EB5E230E1C">>},
 {<<"redbug">>, <<"BFC7BCB8743C55DBE0134DBCB89DD6A57606288CC4E2570ECCD701061FBCBD93">>},
 {<<"segmented_cache">>, <<"D82BBA16929E0BB0D13C43FF5F90BE2CBC9539A3AB713C46046863CE250D7EB8">>},
 {<<"ssl_verify_fun">>, <<"4F8805EB5C8A939CF2359367CB651A3180B27DFB48444846BE2613D79355D65E">>},
 {<<"stringprep">>, <<"8E0807D94A6927D1C3F8E76D584A2E3CDD9B4BCB02823EAF96629EDF2A65B104">>},
 {<<"telemetry">>, <<"73BC09FA59B4A0284EFB4624335583C528E07EC9AE76ACA96EA0673850AEC57A">>},
 {<<"tirerl">>, <<"C049F38B7F8D5BE01FFC484CBC5CC1EAC5E74FB81AC7138C4D1A27C59570F8E7">>},
 {<<"tomerl">>, <<"2A7FB62F9EBF0E75561B39255638BC2B805B437C86FEC538657E7C3B576979FA">>},
 {<<"trails">>, <<"43A6A0C1A31B8AAF3053F96E1E94FAD2A3DB4A31F181B651FE132C31F341ABBA">>},
 {<<"unicode_util_compat">>, <<"D48D002E15F5CC105A696CF2F1BBB3FC72B4B770A184D8420C8DB20DA2674B38">>},
 {<<"uuid">>, <<"4866CA7B3BD0265BC371590DCD0FE2832FC08588A071B72D07E09E23F163D0D6">>},
 {<<"worker_pool">>, <<"59A975728E5C2B69A23D1C5EBC3B63251EC4ACBF4E9D25F1C619E3AD4B550813">>}]}
].
