{"1.1.0",
[{<<"backoff">>,{pkg,<<"backoff">>,<<"1.1.3">>},1},
 {<<"base16">>,{pkg,<<"base16">>,<<"1.0.0">>},0},
 {<<"bbmustache">>,
  {git,"https://github.com/soranoba/bbmustache.git",
       {ref,"d731d93e351a2ae567f93c4991c3f421626fab5c"}},
  0},
 {<<"bear">>,{pkg,<<"bear">>,<<"0.8.5">>},2},
 {<<"cache_tab">>,
  {git,"https://github.com/processone/cache_tab",
       {ref,"7e51861a590eb95e9fa9eb2b9ce0385c2b6b4d25"}},
  0},
 {<<"certifi">>,{pkg,<<"certifi">>,<<"1.2.1">>},2},
 {<<"cowboy">>,{pkg,<<"cowboy">>,<<"2.4.0">>},0},
 {<<"cowlib">>,{pkg,<<"cowlib">>,<<"2.3.0">>},1},
 {<<"cpool">>,{pkg,<<"cpool">>,<<"0.1.0">>},0},
 {<<"cqerl">>,
  {git,"https://github.com/esl/cqerl.git",
       {ref,"08067aebffaaa147ff4928885b6003ebc7aa0e7d"}},
  0},
 {<<"csv">>,
  {git,"https://github.com/bszaf/csv.git",
       {ref,"b0b854d8be2d69b0c6eb9bae5591008098973af9"}},
  0},
 {<<"eini">>,{pkg,<<"eini">>,<<"1.2.4">>},1},
 {<<"eodbc">>,
  {git,"https://github.com/arcusfelis/eodbc.git",
       {ref,"528e5e9a51263e6938b7140970893b8128553abc"}},
  0},
 {<<"eper">>,{pkg,<<"eper">>,<<"0.94.0">>},1},
 {<<"epgsql">>,
  {git,"https://github.com/epgsql/epgsql.git",
       {ref,"84b2821b25b63f6153686cbabc7e7ea8374692f5"}},
  0},
 {<<"eredis">>,
  {git,"https://github.com/wooga/eredis.git",
       {ref,"cbc013f516e464706493c01662e5e9dd82d1db01"}},
  0},
 {<<"erlcloud">>,
  {git,"https://github.com/erlcloud/erlcloud.git",
       {ref,"c1196989a8e7a5f45ddd7b4f81bbbc2ffcfc8274"}},
  0},
 {<<"exml">>,
  {git,"https://github.com/esl/exml.git",
       {ref,"01f6941176d5f339aaf0c3af890f726eb19b7158"}},
  0},
 {<<"exometer_core">>,
  {git,"https://github.com/esl/exometer_core.git",
       {ref,"de97a458653b6d5fa424b843e76832f61ad46672"}},
  0},
 {<<"exometer_report_graphite">>,
  {git,"https://github.com/esl/exometer_report_graphite.git",
       {ref,"264dd7bcbadbd7febcd43917302251286c88b681"}},
  0},
 {<<"exometer_report_statsd">>,
  {git,"https://github.com/esl/exometer_report_statsd.git",
       {ref,"75f6f9ef2b3c0a677f9dba9a4b3d9d77c276a032"}},
  0},
 {<<"fast_tls">>,
  {git,"https://github.com/processone/fast_tls.git",
       {ref,"a166f0e9fe78304e5ca628fd5eff57c850241813"}},
  0},
 {<<"folsom">>,{pkg,<<"folsom">>,<<"0.8.5">>},1},
 {<<"fusco">>,
  {git,"https://github.com/esl/fusco.git",
       {ref,"de08adef32d12f0984d6d1c6fec28be207db2e7e"}},
  0},
 {<<"goldrush">>,{pkg,<<"goldrush">>,<<"0.1.9">>},1},
 {<<"gun">>,
  {git,"https://github.com/ninenines/gun.git",
       {ref,"427230d6f94f5b8a396fd504a73d73d1d65ab0a7"}},
  1},
 {<<"hackney">>,{pkg,<<"hackney">>,<<"1.8.6">>},1},
 {<<"hamcrest">>,{pkg,<<"basho_hamcrest">>,<<"0.4.1">>},2},
 {<<"hut">>,{pkg,<<"hut">>,<<"1.2.0">>},1},
 {<<"idna">>,{pkg,<<"idna">>,<<"5.1.2">>},0},
 {<<"jiffy">>,{pkg,<<"jiffy">>,<<"0.15.2">>},0},
 {<<"jsx">>,{pkg,<<"jsx">>,<<"2.8.0">>},1},
 {<<"jwerl">>,
  {git,"https://github.com/emedia-project/jwerl.git",
       {ref,"3f365d11955a440325e5ef16802c286dff1f1bd0"}},
  0},
 {<<"lager">>,{pkg,<<"lager">>,<<"3.6.4">>},0},
 {<<"lager_syslog">>,
  {git,"https://github.com/erlang-lager/lager_syslog.git",
       {ref,"c59ccd421426a3d54b379e9b1f62f1f145dd5802"}},
  0},
 {<<"lasse">>,{pkg,<<"lasse">>,<<"1.2.0">>},0},
 {<<"lhttpc">>,{pkg,<<"lhttpc">>,<<"1.5.1">>},1},
 {<<"luerl">>,
  {git,"https://github.com/rvirding/luerl.git",
       {ref,"091fca3d03de5de19efebb2bd37523cdef4bbdb5"}},
  2},
 {<<"lz4">>,
  {git,"https://github.com/szktty/erlang-lz4.git",
       {ref,"6bc5efe93bab327788bcde24374f16044b549dd8"}},
  1},
 {<<"meck">>,
  {git,"https://github.com/eproxus/meck.git",
       {ref,"65b79f46553d591cdf42e060cc49e3add7a4d116"}},
  0},
 {<<"metrics">>,{pkg,<<"metrics">>,<<"1.0.1">>},2},
 {<<"mimerl">>,{pkg,<<"mimerl">>,<<"1.0.2">>},2},
 {<<"mochijson2">>,
  {git,"https://github.com/bjnortier/mochijson2.git",
       {ref,"e162b7f5be57b8a1fcf5cc99aa4948864af42bba"}},
  0},
 {<<"mysql">>,
  {git,"https://github.com/mysql-otp/mysql-otp.git",
       {ref,"9724d67a262b26ed9f325f8e9e17a5d1fc42e63b"}},
  0},
 {<<"nklib">>,
  {git,"https://github.com/michalwski/nklib.git",
       {ref,"006c1b7f6b848dfa8fc2efa41eeed4fd5f2b3b34"}},
  1},
 {<<"nkpacket">>,
  {git,"https://github.com/michalwski/nkpacket.git",
       {ref,"b6f8c735e3778ce3d351b6564d8cf21c14fbab5e"}},
  0},
 {<<"nkservice">>,
  {git,"https://github.com/Nekso/nkservice",
       {ref,"affbd5b9c914e2c8775dd45733a0b5c15d784e34"}},
  1},
 {<<"nksip">>,
  {git,"https://github.com/NetComposer/nksip.git",
       {ref,"1a29ef3e112ee0a8d8ac53bd6963ccc8f7879343"}},
  0},
 {<<"observer_cli">>,{pkg,<<"observer_cli">>,<<"1.1.0">>},0},
 {<<"p1_utils">>,{pkg,<<"p1_utils">>,<<"1.0.10">>},1},
 {<<"pa">>,
  {git,"https://github.com/erszcz/pa.git",
       {ref,"e53c540005f4114a854cfa414b00cbc7e9e65ecb"}},
  0},
 {<<"parse_trans">>,{pkg,<<"parse_trans">>,<<"3.1.0">>},1},
 {<<"pooler">>,{pkg,<<"pooler">>,<<"1.5.3">>},1},
 {<<"proper">>,
  {git,"https://github.com/manopapad/proper.git",
       {ref,"5f0d69c831b6c9f52535c3d1846efca480f6190d"}},
  0},
 {<<"quickrand">>,{pkg,<<"quickrand">>,<<"1.7.3">>},1},
 {<<"ranch">>,{pkg,<<"ranch">>,<<"1.5.0">>},1},
 {<<"re2">>,
  {git,"https://github.com/tuncer/re2.git",
       {ref,"2471e06ed7e548ca1af522e95b16867135afdfdc"}},
  1},
 {<<"recon">>,
  {git,"https://github.com/ferd/recon.git",
       {ref,"fcc1a7db6d367234171ab24a3d1762f94e57ff22"}},
  0},
 {<<"riak_pb">>,{pkg,<<"riak_pb">>,<<"2.3.2">>},1},
 {<<"riakc">>,{pkg,<<"riakc">>,<<"2.5.3">>},0},
 {<<"semver">>,
  {git,"https://github.com/nebularis/semver.git",
       {ref,"c7d509f38298ec6594be4efdcd8a8f2322760039"}},
  1},
 {<<"snappy">>,
  {git,"https://github.com/fdmanana/snappy-erlang-nif.git",
       {ref,"4e3b8611b6a1ff85a417b0f2fad8886c9485810e"}},
  1},
 {<<"ssl_verify_fun">>,{pkg,<<"ssl_verify_fun">>,<<"1.1.1">>},2},
 {<<"stringprep">>,
  {git,"https://github.com/processone/stringprep.git",
       {ref,"7f082d7f53710837151058734009958efc07db65"}},
  0},
 {<<"syslog">>,
  {git,"https://github.com/basho/erlang-syslog",
       {ref,"e24c9ee8f7bb3f066ec152c210af10c2c712759a"}},
  1},
 {<<"tirerl">>,
  {git,"https://github.com/inaka/tirerl.git",
       {ref,"123e935f80fd7ae98b1381e2ed4d12dfb32989ce"}},
  0},
 {<<"unicode_util_compat">>,{pkg,<<"unicode_util_compat">>,<<"0.3.1">>},1},
 {<<"usec">>,
  {git,"https://github.com/esl/usec.git",
       {ref,"f85ffd8350d7000c26392c18bdfcdbb30f3b5ee8"}},
  0},
 {<<"uuid">>,{pkg,<<"uuid_erl">>,<<"1.7.3">>},0},
 {<<"worker_pool">>,
  {git,"https://github.com/inaka/worker_pool.git",
       {ref,"59f2ff8a0b3ac634d08c8332a8e04175ac52b17a"}},
  0}]}.
[
{pkg_hash,[
 {<<"backoff">>, <<"DE762C05ED6DFAE862D83DC9E58AE936792B01302B3595F5CFFE86F2D8E6C1DD">>},
 {<<"base16">>, <<"283644E2B21BD5915ACB7178BED7851FB07C6E5749B8FAD68A53C501092176D9">>},
 {<<"bear">>, <<"E95FCA1627CD9E15BAF93CE0A52AFF16917BAF325F0EE65B88CD715376CD2344">>},
 {<<"certifi">>, <<"C3904F192BD5284E5B13F20DB3CEAC9626E14EEACFBB492E19583CF0E37B22BE">>},
 {<<"cowboy">>, <<"F1B72FABE9C8A5FC64AC5AC85FB65474D64733D1DF52A26FAD5D4BA3D9F70A9F">>},
 {<<"cowlib">>, <<"BBD58EF537904E4F7C1DD62E6AA8BC831C8183CE4EFA9BD1150164FE15BE4CAA">>},
 {<<"cpool">>, <<"76222AA1DAC0F8089707167BD69D221EDA63DB65B8BD67DBF6E133075392EEDC">>},
 {<<"eini">>, <<"ABD64A0533398A6D714D21219BB85F2D41FDB42665AC4080939B7BFA8E55F386">>},
 {<<"eper">>, <<"F5FB2DAA0DF8878748E1C598428EDA942A173E5121FF35C1D632129B84593A3A">>},
 {<<"folsom">>, <<"94A027B56FE84FEED264F9B33CB4C6AC9A801FAD84B87DBDA0836CE83C3B8D69">>},
 {<<"goldrush">>, <<"F06E5D5F1277DA5C413E84D5A2924174182FB108DABB39D5EC548B27424CD106">>},
 {<<"hackney">>, <<"21A725DB3569B3FB11A6AF17D5C5F654052CE9624219F1317E8639183DE4A423">>},
 {<<"hamcrest">>, <<"FB7B2C92D252A1E9DB936750B86089ADDAEBEB8F87967FB4BBDDA61E8863338E">>},
 {<<"hut">>, <<"0089DF0FAA2827C605BBADA88153F24FFF5EA7A4BE32ECF0250A7FDC2719CAFB">>},
 {<<"idna">>, <<"E21CB58A09F0228A9E0B95EAA1217F1BCFC31A1AAA6E1FDF2F53A33F7DBD9494">>},
 {<<"jiffy">>, <<"DE266C390111FD4EA28B9302F0BC3D7472468F3B8E0ACEABFBEFA26D08CD73B7">>},
 {<<"jsx">>, <<"749BEC6D205C694AE1786D62CEA6CC45A390437E24835FD16D12D74F07097727">>},
 {<<"lager">>, <<"CED6E98070FB4E58EE93174D006D46479C79844DF7FC17FA4FEFC1049A320D88">>},
 {<<"lasse">>, <<"DB8F06983B235F6C4C86AC79BCF23EDDCA16FCCCAD1EB45F222852BB133BD793">>},
 {<<"lhttpc">>, <<"2137CB82D123751B21CC0461A00734CD32CB470BC6278BA139EE13C1ECC3C2B1">>},
 {<<"metrics">>, <<"25F094DEA2CDA98213CECC3AEFF09E940299D950904393B2A29D191C346A8486">>},
 {<<"mimerl">>, <<"993F9B0E084083405ED8252B99460C4F0563E41729AB42D9074FD5E52439BE88">>},
 {<<"observer_cli">>, <<"F3A47C22327424291758167DF3C4600DCF8BF34795A3787612019AA5B86A5C21">>},
 {<<"p1_utils">>, <<"A6D6927114BAC79CF6468A10824125492034AF7071ADC6ED5EBC4DDB443845D4">>},
 {<<"parse_trans">>, <<"1BAD3B959941CC53FFD6F4769A5D2666F9CDF179B2D62826636497D3FBAD9EC0">>},
 {<<"pooler">>, <<"898CD1FA301FC42D4A8ED598CE139B71CA85B54C16AB161152B5CC5FBDCFA1A8">>},
 {<<"quickrand">>, <<"0E4FB48FAC904FE0C6E21D7E8C31A288A0700E1E81A35B38B649FC119079755D">>},
 {<<"ranch">>, <<"F04166F456790FEE2AC1AA05A02745CC75783C2BFB26D39FAF6AEFC9A3D3A58A">>},
 {<<"riak_pb">>, <<"48FFBF66DBB3F136AB9A7134BAC4E496754BAA5EF58C4F50A61326736D996390">>},
 {<<"riakc">>, <<"6132D9E687A0DFD314B2B24C4594302CA8B55568A5D733C491D8FB6CD4004763">>},
 {<<"ssl_verify_fun">>, <<"28A4D65B7F59893BC2C7DE786DEC1E1555BD742D336043FE644AE956C3497FBE">>},
 {<<"unicode_util_compat">>, <<"A1F612A7B512638634A603C8F401892AFBF99B8CE93A45041F8AACA99CADB85E">>},
 {<<"uuid">>, <<"C5DF97D1A3D626235C2415E74053C47B2138BB863C5CD802AB5CAECB8ECC019F">>}]}
].
