{"1.2.0",
[{<<"amqp_client">>,{pkg,<<"amqp_client">>,<<"3.12.6">>},0},
 {<<"base16">>,{pkg,<<"base16">>,<<"2.0.1">>},0},
 {<<"bbmustache">>,{pkg,<<"bbmustache">>,<<"1.12.2">>},0},
 {<<"cowboy">>,{pkg,<<"cowboy">>,<<"2.9.0">>},0},
 {<<"cowlib">>,{pkg,<<"cowlib">>,<<"2.11.0">>},1},
 {<<"credentials_obfuscation">>,
  {pkg,<<"credentials_obfuscation">>,<<"3.4.0">>},
  1},
 {<<"csv">>,{pkg,<<"csve">>,<<"3.0.3">>},0},
 {<<"escalus">>,{pkg,<<"escalus">>,<<"4.2.11">>},0},
 {<<"esip">>,{pkg,<<"esip">>,<<"1.0.48">>},0},
 {<<"exml">>,{pkg,<<"hexml">>,<<"3.4.1">>},0},
 {<<"fast_pbkdf2">>,{pkg,<<"fast_pbkdf2">>,<<"1.0.3">>},2},
 {<<"fast_scram">>,{pkg,<<"fast_scram">>,<<"0.5.0">>},1},
 {<<"fast_tls">>,{pkg,<<"fast_tls">>,<<"1.1.16">>},1},
 {<<"fusco">>,{pkg,<<"fusco">>,<<"0.1.1">>},0},
 {<<"goldrush">>,{pkg,<<"goldrush">>,<<"0.1.9">>},1},
 {<<"gun">>,{pkg,<<"gun">>,<<"2.0.0-rc.2">>},0},
 {<<"jid">>,{pkg,<<"mongoose_jid">>,<<"2.1.0">>},0},
 {<<"jiffy">>,{pkg,<<"jiffy">>,<<"1.1.1">>},0},
 {<<"lager">>,{pkg,<<"lager">>,<<"3.9.2">>},0},
 {<<"meck">>,{pkg,<<"meck">>,<<"0.9.2">>},1},
 {<<"p1_utils">>,{pkg,<<"p1_utils">>,<<"1.0.25">>},1},
 {<<"proper">>,{pkg,<<"proper">>,<<"1.4.0">>},0},
 {<<"quickrand">>,{pkg,<<"quickrand">>,<<"2.0.7">>},2},
 {<<"rabbit_common">>,{pkg,<<"rabbit_common">>,<<"3.12.6">>},1},
 {<<"ranch">>,{pkg,<<"ranch">>,<<"1.8.0">>},1},
 {<<"recon">>,{pkg,<<"recon">>,<<"2.5.3">>},2},
 {<<"stringprep">>,{pkg,<<"stringprep">>,<<"1.0.29">>},1},
 {<<"stun">>,{pkg,<<"stun">>,<<"1.2.6">>},1},
 {<<"thoas">>,{pkg,<<"thoas">>,<<"1.0.0">>},2},
 {<<"uuid">>,{pkg,<<"uuid_erl">>,<<"2.0.7">>},1},
 {<<"worker_pool">>,{pkg,<<"worker_pool">>,<<"6.2.0">>},1}]}.
[
{pkg_hash,[
 {<<"amqp_client">>, <<"B0050183BB4CFBD5B3F9A3276689DFA135A196AEDC3584110F231B2CE04B0426">>},
 {<<"base16">>, <<"F0549F732E03BE8124ED0D19FD5EE52146CC8BE24C48CBC3F23AB44B157F11A2">>},
 {<<"bbmustache">>, <<"0CABDCE0DB9FE6D3318131174B9F2B351328A4C0AFBEB3E6E99BB0E02E9B621D">>},
 {<<"cowboy">>, <<"865DD8B6607E14CF03282E10E934023A1BD8BE6F6BACF921A7E2A96D800CD452">>},
 {<<"cowlib">>, <<"0B9FF9C346629256C42EBE1EEB769A83C6CB771A6EE5960BD110AB0B9B872063">>},
 {<<"credentials_obfuscation">>, <<"34E18B126B3AEFD6E8143776FBE1CECEEA6792307C99AC5EE8687911F048CFD7">>},
 {<<"csv">>, <<"69E7D9B3FDC72016644368762C6A3E6CBFEB85BCCADBF1BD99AB6C827E360E04">>},
 {<<"escalus">>, <<"FBEC4F874AACCFD5B493EE9CFE39F7FE9DDADFCB5054DFD83B8965B64ED43497">>},
 {<<"esip">>, <<"3B3B3AFC798BE9458517D4FD2730674322368E54C2C1211AA630327354946D1B">>},
 {<<"exml">>, <<"9581FE6512D9772C61BBE611CD4A8E5BB90B4D4481275325EC520F7A931A9393">>},
 {<<"fast_pbkdf2">>, <<"4F09D6C6C20DBEE1970E0A6AE91432E1B7731F88426C671D083BAC31FFA1FDAD">>},
 {<<"fast_scram">>, <<"BD0B946911B07D36EC22AD950FF22F77F27B94E4E24452AF966597C6D8CB5E7F">>},
 {<<"fast_tls">>, <<"85FA7F3112EA4FF5CCB4F3ABADC130A8C855AD74EB00869487399CB0C322D208">>},
 {<<"fusco">>, <<"3DD6A90151DFEF30EA1937CC44E9A59177C0094918388D9BCAA2F2DC5E2AE4AA">>},
 {<<"goldrush">>, <<"F06E5D5F1277DA5C413E84D5A2924174182FB108DABB39D5EC548B27424CD106">>},
 {<<"gun">>, <<"7C489A32DEDCCB77B6E82D1F3C5A7DADFBFA004EC14E322CDB5E579C438632D2">>},
 {<<"jid">>, <<"7798E7443124BF93A58E56794D6F28CDF126A1AA7B318663E762287C9CFE9397">>},
 {<<"jiffy">>, <<"ACA10F47AA91697BF24AB9582C74E00E8E95474C7EF9F76D4F1A338D0F5DE21B">>},
 {<<"lager">>, <<"4CAB289120EB24964E3886BD22323CB5FEFE4510C076992A23AD18CF85413D8C">>},
 {<<"meck">>, <<"85CCBAB053F1DB86C7CA240E9FC718170EE5BDA03810A6292B5306BF31BAE5F5">>},
 {<<"p1_utils">>, <<"2D39B5015A567BBD2CC7033EEB93A7C60D8C84EFE1EF69A3473FAA07FA268187">>},
 {<<"proper">>, <<"89A44B8C39D28BB9B4BE8E4D715D534905B325470F2E0EC5E004D12484A79434">>},
 {<<"quickrand">>, <<"D2BD76676A446E6A058D678444B7FDA1387B813710D1AF6D6E29BB92186C8820">>},
 {<<"rabbit_common">>, <<"FEBD37E11483F94B614CD636C1EDBCE1099FF64866598F75D0A624D3A60437C6">>},
 {<<"ranch">>, <<"8C7A100A139FD57F17327B6413E4167AC559FBC04CA7448E9BE9057311597A1D">>},
 {<<"recon">>, <<"739107B9050EA683C30E96DE050BC59248FD27EC147696F79A8797FF9FA17153">>},
 {<<"stringprep">>, <<"02F23E8C3A219A3DFE40A22E908BECE3A2F68AF0FF599EA8A7B714ECB21E62EE">>},
 {<<"stun">>, <<"5D1978D340EA20EFB28BC1E58779A3A1D64568C66168DB4D20692E76CE813D5E">>},
 {<<"thoas">>, <<"567C03902920827A18A89F05B79A37B5BF93553154B883E0131801600CF02CE0">>},
 {<<"uuid">>, <<"B2078D2CC814F53AFA52D36C91E08962C7E7373585C623F4C0EA6DFB04B2AF94">>},
 {<<"worker_pool">>, <<"506DE38C528A81ED2C6A80A419B83DDE6DA5E295BD320BDF4D35A69AFEB0247A">>}]},
{pkg_hash_ext,[
 {<<"amqp_client">>, <<"B856F6404E7AF98C90DA870C8CE50D1380F13F2CEE02F16564B5CC5142BAE308">>},
 {<<"base16">>, <<"06EA2D48343282E712160BA89F692B471DB8B36ABE8394F3445FF9032251D772">>},
 {<<"bbmustache">>, <<"688B33A4D5CC2D51F575ADF0B3683FC40A38314A2F150906EDCFC77F5B577B3B">>},
 {<<"cowboy">>, <<"2C729F934B4E1AA149AFF882F57C6372C15399A20D54F65C8D67BEF583021BDE">>},
 {<<"cowlib">>, <<"2B3E9DA0B21C4565751A6D4901C20D1B4CC25CBB7FD50D91D2AB6DD287BC86A9">>},
 {<<"credentials_obfuscation">>, <<"738ACE0ED5545D2710D3F7383906FC6F6B582D019036E5269C4DBD85DBCED566">>},
 {<<"csv">>, <<"741D1A55AABADAA3E0FE13051050101A73E90C4570B9F9403A939D9546813521">>},
 {<<"escalus">>, <<"4E1262E6B1EEF834FE421FA1D3BBE69EF2028A8B88140DC397703B31B904C6D0">>},
 {<<"esip">>, <<"02B9FC6E071415CBC62105F5115AEB68D11184BDAD3960DA7B62EA3E99E7FCCF">>},
 {<<"exml">>, <<"D8E7894E2544402B4986EEB2443C15B51B14F686266F091DBF2777D1D99A2FA2">>},
 {<<"fast_pbkdf2">>, <<"2900431E2E6402F23A92754448BBD949DA366BC9C984FDC791DDCFCC41042434">>},
 {<<"fast_scram">>, <<"D45B746B8D17C0F73A94CBDB526E115A4AEDFECB4D42CA935BCB1195D783B4E1">>},
 {<<"fast_tls">>, <<"AA08CCA89B4044E74F1F12E399817D8BEAEAE3EE006C98A893C0BFB1D81FBA51">>},
 {<<"fusco">>, <<"6343551BD1E824F2A6CA85E1158C5B37C320FD449FBFEC7450A73F192AAF9022">>},
 {<<"goldrush">>, <<"99CB4128CFFCB3227581E5D4D803D5413FA643F4EB96523F77D9E6937D994CEB">>},
 {<<"gun">>, <<"6B9D1EAE146410D727140DBF8B404B9631302ECC2066D1D12F22097AD7D254FC">>},
 {<<"jid">>, <<"C2F5B32C9CE8B7B9F321E4DCFE12380CD6CB93CE2208312570D65A06CBA24837">>},
 {<<"jiffy">>, <<"62E1F0581C3C19C33A725C781DFA88410D8BFF1BBAFC3885A2552286B4785C4C">>},
 {<<"lager">>, <<"7F904D9E87A8CB7E66156ED31768D1C8E26EBA1D54F4BC85B1AA4AC1F6340C28">>},
 {<<"meck">>, <<"81344F561357DC40A8344AFA53767C32669153355B626EA9FCBC8DA6B3045826">>},
 {<<"p1_utils">>, <<"9219214428F2C6E5D3187FF8EB9A8783695C2427420BE9A259840E07ADA32847">>},
 {<<"proper">>, <<"18285842185BD33EFBDA97D134A5CB5A0884384DB36119FEE0E3CFA488568CBB">>},
 {<<"quickrand">>, <<"B8ACBF89A224BC217C3070CA8BEBC6EB236DBE7F9767993B274084EA044D35F0">>},
 {<<"rabbit_common">>, <<"D85282C8C9BE456B42AA4B265EDE68D176CA8A28DFCF1D521BE19267167C0DC3">>},
 {<<"ranch">>, <<"49FBCFD3682FAB1F5D109351B61257676DA1A2FDBE295904176D5E521A2DDFE5">>},
 {<<"recon">>, <<"6C6683F46FD4A1DFD98404B9F78DCABC7FCD8826613A89DCB984727A8C3099D7">>},
 {<<"stringprep">>, <<"928EBA304C3006EB1512110EBD7B87DB163B00859A09375A1E4466152C6C462A">>},
 {<<"stun">>, <<"21AED098457E5099E925129459590592E001C470CF7503E5614A7A6B688FF146">>},
 {<<"thoas">>, <<"FC763185B932ECB32A554FB735EE03C3B6B1B31366077A2427D2A97F3BD26735">>},
 {<<"uuid">>, <<"4E4C5CA3461DC47C5E157ED42AA3981A053B7A186792AF972A27B14A9489324E">>},
 {<<"worker_pool">>, <<"E1DED160797FBE656AD683109DBD741B520097DF17BDF7B51E3E4697073A6E62">>}]}
].
