{"1.1.0",
[{<<"amqp_client">>,{pkg,<<"amqp_client">>,<<"3.7.15">>},0},
 {<<"base16">>,
  {git,"https://github.com/goj/base16.git",
       {ref,"ec420aa4ce0fb971f155274c606e00188a2ed37d"}},
  1},
 {<<"bbmustache">>,{pkg,<<"bbmustache">>,<<"1.6.1">>},0},
 {<<"certifi">>,{pkg,<<"certifi">>,<<"0.4.0">>},2},
 {<<"chatterbox">>,{pkg,<<"chatterbox">>,<<"0.8.0">>},0},
 {<<"cowboy">>,{pkg,<<"cowboy">>,<<"2.6.3">>},0},
 {<<"cowlib">>,{pkg,<<"cowlib">>,<<"2.7.3">>},1},
 {<<"csv">>,{pkg,<<"csve">>,<<"3.0.3">>},0},
 {<<"erlsh">>,
  {git,"https://github.com/proger/erlsh.git",
       {ref,"4e8a107e4a082b5e687877cf08d152a45a715bf4"}},
  0},
 {<<"escalus">>,
  {git,"https://github.com/esl/escalus.git",
       {ref,"9f8e0d7929c595d86f85d3f54ed145f681881464"}},
  0},
 {<<"esip">>,{pkg,<<"esip">>,<<"1.0.29">>},0},
 {<<"exml">>,
  {git,"https://github.com/esl/exml.git",
       {ref,"a307e83669ad0a8d96ea3f2be9da36417efb94fc"}},
  1},
 {<<"fast_tls">>,{pkg,<<"fast_tls">>,<<"1.1.1">>},1},
 {<<"fusco">>,
  {git,"https://github.com/esl/fusco.git",
       {ref,"0a428471aefb3a38207c2141249181e6c018e565"}},
  1},
 {<<"gen_fsm_compat">>,{pkg,<<"gen_fsm_compat">>,<<"0.3.0">>},0},
 {<<"goldrush">>,{pkg,<<"goldrush">>,<<"0.1.9">>},3},
 {<<"gun">>,{pkg,<<"gun">>,<<"1.3.0">>},1},
 {<<"hackney">>,
  {git,"git://github.com/benoitc/hackney.git",
       {ref,"66a53291d3fef4f46f7baa99016725c7659aa022"}},
  1},
 {<<"hpack">>,{pkg,<<"hpack_erl">>,<<"0.2.3">>},1},
 {<<"idna">>,{pkg,<<"idna">>,<<"1.2.0">>},2},
 {<<"jiffy">>,{pkg,<<"jiffy">>,<<"1.0.1">>},0},
 {<<"jsx">>,
  {git,"git://github.com/talentdeficit/jsx.git",
       {ref,"3074d4865b3385a050badf7828ad31490d860df5"}},
  1},
 {<<"katt">>,
  {git,"https://github.com/for-GET/katt.git",
       {ref,"e87a9075947f193af7e38981ea932a1511d46be5"}},
  0},
 {<<"lager">>,{pkg,<<"lager">>,<<"3.6.10">>},2},
 {<<"meck">>,{pkg,<<"meck">>,<<"0.8.12">>},1},
 {<<"metrics">>,{pkg,<<"metrics">>,<<"1.0.1">>},2},
 {<<"mimerl">>,{pkg,<<"mimerl">>,<<"1.0.2">>},2},
 {<<"mustache">>,
  {git,"https://github.com/mojombo/mustache.erl.git",
       {ref,"d0246fe143058b6404f66cf99fece3ff6e87b7ed"}},
  1},
 {<<"neotoma">>,
  {git,"git://github.com/seancribbs/neotoma.git",
       {ref,"6ac6007c7713712a80096de5c7cdf5b85b01374e"}},
  1},
 {<<"p1_utils">>,{pkg,<<"p1_utils">>,<<"1.0.15">>},1},
 {<<"proper">>,{pkg,<<"proper">>,<<"1.3.0">>},0},
 {<<"quickrand">>,{pkg,<<"quickrand">>,<<"1.7.5">>},2},
 {<<"rabbit_common">>,{pkg,<<"rabbit_common">>,<<"3.7.15">>},1},
 {<<"ranch">>,{pkg,<<"ranch">>,<<"1.7.1">>},1},
 {<<"recon">>,{pkg,<<"recon">>,<<"2.5.0">>},2},
 {<<"shotgun">>,
  {git,"https://github.com/inaka/shotgun.git",
       {ref,"6e5174d78b2dd635b219af711f4adf6782998e31"}},
  0},
 {<<"ssl_verify_fun">>,{pkg,<<"ssl_verify_fun">>,<<"1.1.0">>},2},
 {<<"stun">>,{pkg,<<"stun">>,<<"1.0.28">>},1},
 {<<"tdiff">>,
  {git,"git://github.com/tomas-abrahamsson/tdiff.git",
       {ref,"bbb54ce20df388f2c7d01e8df30ef471ca98d0fb"}},
  1},
 {<<"usec">>,
  {git,"https://github.com/esl/usec.git",
       {ref,"f85ffd8350d7000c26392c18bdfcdbb30f3b5ee8"}},
  0},
 {<<"uuid">>,{pkg,<<"uuid_erl">>,<<"1.7.5">>},1},
 {<<"worker_pool">>,{pkg,<<"worker_pool">>,<<"3.2.0">>},1}]}.
[
{pkg_hash,[
 {<<"amqp_client">>, <<"99C46AAD3406199F9AEC95356F43FA73F28AF2FC9DA1DE5B601367231E37992C">>},
 {<<"bbmustache">>, <<"9FB63FA60BD53AFBF47F02E6D8BD6B2BEAFC068E02E20975254DC7461FD4F397">>},
 {<<"certifi">>, <<"A7966EFB868B179023618D29A407548F70C52466BF1849B9E8EBD0E34B7EA11F">>},
 {<<"chatterbox">>, <<"AF8B95EF45D5B9783B67ECEA1E23A4CCE058FCE5E950B42F84F4DF8BC7620D0B">>},
 {<<"cowboy">>, <<"99AA50E94E685557CAD82E704457336A453D4ABCB77839AD22DBE71F311FCC06">>},
 {<<"cowlib">>, <<"A7FFCD0917E6D50B4D5FB28E9E2085A0CEB3C97DEA310505F7460FF5ED764CE9">>},
 {<<"csv">>, <<"69E7D9B3FDC72016644368762C6A3E6CBFEB85BCCADBF1BD99AB6C827E360E04">>},
 {<<"esip">>, <<"FC710D5858E14A32933BB83803B0419113761A00ECD888C5C1AB2B9057DF600B">>},
 {<<"fast_tls">>, <<"EB73C12D0659EC3C8E294962A23B2A912B20B08A59BEE9271FEE100521032D0D">>},
 {<<"gen_fsm_compat">>, <<"5903549F67D595F58A7101154CBE0FDD46955FBFBE40813F1E53C23A970FF5F4">>},
 {<<"goldrush">>, <<"F06E5D5F1277DA5C413E84D5A2924174182FB108DABB39D5EC548B27424CD106">>},
 {<<"gun">>, <<"18E5D269649C987AF95AEC309F68A27FFC3930531DD227A6EAA0884D6684286E">>},
 {<<"hpack">>, <<"17670F83FF984AE6CD74B1C456EDDE906D27FF013740EE4D9EFAA4F1BF999633">>},
 {<<"idna">>, <<"AC62EE99DA068F43C50DC69ACF700E03A62A348360126260E87F2B54ECED86B2">>},
 {<<"jiffy">>, <<"4F25639772CA41202F41BA9C8F6CA0933554283DD4742C90651E03471C55E341">>},
 {<<"lager">>, <<"6172B43AB720AC33914CCD0AEB21FDBDF88213847707D4B91E6AF57B2AE5C4D2">>},
 {<<"meck">>, <<"1F7B1A9F5D12C511848FEC26BBEFD09A21E1432EADB8982D9A8ACEB9891A3CF2">>},
 {<<"metrics">>, <<"25F094DEA2CDA98213CECC3AEFF09E940299D950904393B2A29D191C346A8486">>},
 {<<"mimerl">>, <<"993F9B0E084083405ED8252B99460C4F0563E41729AB42D9074FD5E52439BE88">>},
 {<<"p1_utils">>, <<"731F76AE1F31F4554AFB2AE629CB5589D53BD13EFC72B11F5A7C3B1242F91046">>},
 {<<"proper">>, <<"C1ACD51C51DA17A2FE91D7A6FC6A0C25A6A9849D8DC77093533109D1218D8457">>},
 {<<"quickrand">>, <<"E3086A153EB13A057FC19192D05E2D4C6BB2BDBB55746A699BEAE9847AC17CA8">>},
 {<<"rabbit_common">>, <<"FD44D795B905FD55CDDB126524A74EF17A3127F2224B958FB19E0979E0AA238C">>},
 {<<"ranch">>, <<"6B1FAB51B49196860B733A49C07604465A47BDB78AA10C1C16A3D199F7F8C881">>},
 {<<"recon">>, <<"2F7FCBEC2C35034BADE2F9717F77059DC54EB4E929A3049CA7BA6775C0BD66CD">>},
 {<<"ssl_verify_fun">>, <<"EDEE20847C42E379BF91261DB474FFBE373F8ACB56E9079ACB6038D4E0BF414F">>},
 {<<"stun">>, <<"EE81BC075F955F529679213157F76C3D3355A1DEC4625108A62872006C3DB8A0">>},
 {<<"uuid">>, <<"3862FF9A21C42566DFD0376B97512FA202922897129E09A05E2AFA0D9CAFD97A">>},
 {<<"worker_pool">>, <<"54DD752BA4CA4B702124C45803AA958B36BCE77D683B87886606F1AADA3E124D">>}]}
].
